
Microsoft Visual Studio Solution File, Format Version 12.00
# Visual Studio Version 17
VisualStudioVersion = 17.3.32901.215
MinimumVisualStudioVersion = 10.0.40219.1
Project("{FAE04EC0-301F-11D3-BF4B-00C04F79EFBC}") = "taksit-trackbar-1", "taksit-trackbar-1\taksit-trackbar-1.csproj", "{CE126135-02F0-4B64-9A3F-1CB9960442FF}"
EndProject
Global
	GlobalSection(SolutionConfigurationPlatforms) = preSolution
		Debug|Any CPU = Debug|Any CPU
		Release|Any CPU = Release|Any CPU
	EndGlobalSection
	GlobalSection(ProjectConfigurationPlatforms) = postSolution
		{CE126135-02F0-4B64-9A3F-1CB9960442FF}.Debug|Any CPU.ActiveCfg = Debug|Any CPU
		{CE126135-02F0-4B64-9A3F-1CB9960442FF}.Debug|Any CPU.Build.0 = Debug|Any CPU
		{CE126135-02F0-4B64-9A3F-1CB9960442FF}.Release|Any CPU.ActiveCfg = Release|Any CPU
		{CE126135-02F0-4B64-9A3F-1CB9960442FF}.Release|Any CPU.Build.0 = Release|Any CPU
	EndGlobalSection
	GlobalSection(SolutionProperties) = preSolution
		HideSolutionNode = FALSE
	EndGlobalSection
	GlobalSection(ExtensibilityGlobals) = postSolution
		SolutionGuid = {6FB3BCBA-2E5E-4E4E-B7C8-11C58188267B}
	EndGlobalSection
EndGlobal
